
Microsoft Visual Studio Solution File, Format Version 12.00
# Visual Studio 14
VisualStudioVersion = 14.0.25420.1
MinimumVisualStudioVersion = 10.0.40219.1
Project("{FAE04EC0-301F-11D3-BF4B-00C04F79EFBC}") = "SharePointAddIn4", "SharePointAddIn4\SharePointAddIn4.csproj", "{57E112BB-60E1-4B41-A078-B85D2A55EED1}"
EndProject
Project("{FAE04EC0-301F-11D3-BF4B-00C04F79EFBC}") = "SharePointAddIn4Web", "SharePointAddIn4Web\SharePointAddIn4Web.csproj", "{083A59E5-0E09-4CB9-A9E6-B87873D2BAFA}"
EndProject
Global
	GlobalSection(SolutionConfigurationPlatforms) = preSolution
		Debug|Any CPU = Debug|Any CPU
		Release|Any CPU = Release|Any CPU
	EndGlobalSection
	GlobalSection(ProjectConfigurationPlatforms) = postSolution
		{57E112BB-60E1-4B41-A078-B85D2A55EED1}.Debug|Any CPU.ActiveCfg = Debug|Any CPU
		{57E112BB-60E1-4B41-A078-B85D2A55EED1}.Debug|Any CPU.Build.0 = Debug|Any CPU
		{57E112BB-60E1-4B41-A078-B85D2A55EED1}.Debug|Any CPU.Deploy.0 = Debug|Any CPU
		{57E112BB-60E1-4B41-A078-B85D2A55EED1}.Release|Any CPU.ActiveCfg = Release|Any CPU
		{57E112BB-60E1-4B41-A078-B85D2A55EED1}.Release|Any CPU.Build.0 = Release|Any CPU
		{57E112BB-60E1-4B41-A078-B85D2A55EED1}.Release|Any CPU.Deploy.0 = Release|Any CPU
		{083A59E5-0E09-4CB9-A9E6-B87873D2BAFA}.Debug|Any CPU.ActiveCfg = Debug|Any CPU
		{083A59E5-0E09-4CB9-A9E6-B87873D2BAFA}.Debug|Any CPU.Build.0 = Debug|Any CPU
		{083A59E5-0E09-4CB9-A9E6-B87873D2BAFA}.Release|Any CPU.ActiveCfg = Release|Any CPU
		{083A59E5-0E09-4CB9-A9E6-B87873D2BAFA}.Release|Any CPU.Build.0 = Release|Any CPU
	EndGlobalSection
	GlobalSection(SolutionProperties) = preSolution
		HideSolutionNode = FALSE
	EndGlobalSection
EndGlobal
